
Microsoft Visual Studio Solution File, Format Version 12.00
# Visual Studio Version 17
VisualStudioVersion = 17.5.33516.290
MinimumVisualStudioVersion = 10.0.40219.1
Project("{888888A0-9F3D-457C-B088-3A5042F75D52}") = "RPG game", "RPG game\RPG game.pyproj", "{63C37096-1C64-4993-AAF3-BD4AB028A97E}"
EndProject
Global
	GlobalSection(SolutionConfigurationPlatforms) = preSolution
		Debug|Any CPU = Debug|Any CPU
		Release|Any CPU = Release|Any CPU
	EndGlobalSection
	GlobalSection(ProjectConfigurationPlatforms) = postSolution
		{63C37096-1C64-4993-AAF3-BD4AB028A97E}.Debug|Any CPU.ActiveCfg = Debug|Any CPU
		{63C37096-1C64-4993-AAF3-BD4AB028A97E}.Release|Any CPU.ActiveCfg = Release|Any CPU
	EndGlobalSection
	GlobalSection(SolutionProperties) = preSolution
		HideSolutionNode = FALSE
	EndGlobalSection
	GlobalSection(ExtensibilityGlobals) = postSolution
		SolutionGuid = {7D52B72E-D63F-483C-8A73-6B7D67D541FB}
	EndGlobalSection
EndGlobal
